Microsoft Visual Studio Solution File, Format Version 12.00
# Visual Studio Version 17
VisualStudioVersion = 17.5.2.0
MinimumVisualStudioVersion = 10.0.40219.1
Project("{FAE04EC0-301F-11D3-BF4B-00C04F79EFBC}") = "SalesForecastWeb", "SalesForecastWeb\SalesForecastWeb.csproj", "{AA73C197-7D95-7E31-1B9C-45648965E518}"
EndProject
Global
	GlobalSection(SolutionConfigurationPlatforms) = preSolution
		Debug|Any CPU = Debug|Any CPU
		Release|Any CPU = Release|Any CPU
	EndGlobalSection
	GlobalSection(ProjectConfigurationPlatforms) = postSolution
		{AA73C197-7D95-7E31-1B9C-45648965E518}.Debug|Any CPU.ActiveCfg = Debug|Any CPU
		{AA73C197-7D95-7E31-1B9C-45648965E518}.Debug|Any CPU.Build.0 = Debug|Any CPU
		{AA73C197-7D95-7E31-1B9C-45648965E518}.Release|Any CPU.ActiveCfg = Release|Any CPU
		{AA73C197-7D95-7E31-1B9C-45648965E518}.Release|Any CPU.Build.0 = Release|Any CPU
	EndGlobalSection
	GlobalSection(SolutionProperties) = preSolution
		HideSolutionNode = FALSE
	EndGlobalSection
	GlobalSection(ExtensibilityGlobals) = postSolution
		SolutionGuid = {57047111-ABBC-4732-BF6E-7E5C919EEB9B}
	EndGlobalSection
EndGlobal
